{
  "object": {
    "pins": [
      {
        "package": "Zinnia-Swift",
        "repositoryURL": "https://github.com/shinjukunian/zinnia-swift.git",
        "state": {
          "branch": "master",
          "revision": "ef2fa31846476c13631b5b6be1105900b34c42df",
          "version": null
        }
      }
    ]
  },
  "version": 1
}
