// !$*UTF8*$!
{
	archiveVersion = 1;
	classes = {
	};
	objectVersion = 50;
	objects = {

/* Begin PBXBuildFile section */
		5A697F1A2499DDF400F8A9FF /* AppDelegate.swift in Sources */ = {isa = PBXBuildFile; fileRef = 5A697F192499DDF400F8A9FF /* AppDelegate.swift */; };
		5A697F1C2499DDF400F8A9FF /* SceneDelegate.swift in Sources */ = {isa = PBXBuildFile; fileRef = 5A697F1B2499DDF400F8A9FF /* SceneDelegate.swift */; };
		5A697F1E2499DDF400F8A9FF /* ContentView.swift in Sources */ = {isa = PBXBuildFile; fileRef = 5A697F1D2499DDF400F8A9FF /* ContentView.swift */; };
		5A697F202499DDF900F8A9FF /* Assets.xcassets in Resources */ = {isa = PBXBuildFile; fileRef = 5A697F1F2499DDF900F8A9FF /* Assets.xcassets */; };
		5A697F232499DDF900F8A9FF /* Preview Assets.xcassets in Resources */ = {isa = PBXBuildFile; fileRef = 5A697F222499DDF900F8A9FF /* Preview Assets.xcassets */; };
		5A697F262499DDF900F8A9FF /* LaunchScreen.storyboard in Resources */ = {isa = PBXBuildFile; fileRef = 5A697F242499DDF900F8A9FF /* LaunchScreen.storyboard */; };
		5A697F312499DDFA00F8A9FF /* KanjiLookup_SwiftUITests.swift in Sources */ = {isa = PBXBuildFile; fileRef = 5A697F302499DDFA00F8A9FF /* KanjiLookup_SwiftUITests.swift */; };
/* End PBXBuildFile section */

/* Begin PBXContainerItemProxy section */
		5A697F2D2499DDFA00F8A9FF /* PBXContainerItemProxy */ = {
			isa = PBXContainerItemProxy;
			containerPortal = 5A697F0E2499DDF400F8A9FF /* Project object */;
			proxyType = 1;
			remoteGlobalIDString = 5A697F152499DDF400F8A9FF;
			remoteInfo = "KanjiLookup-SwiftUI";
		};
/* End PBXContainerItemProxy section */

/* Begin PBXFileReference section */
		5A697F162499DDF400F8A9FF /* KanjiLookup-SwiftUI.app */ = {isa = PBXFileReference; explicitFileType = wrapper.application; includeInIndex = 0; path = "KanjiLookup-SwiftUI.app"; sourceTree = BUILT_PRODUCTS_DIR; };
		5A697F192499DDF400F8A9FF /* AppDelegate.swift */ = {isa = PBXFileReference; lastKnownFileType = sourcecode.swift; path = AppDelegate.swift; sourceTree = "<group>"; };
		5A697F1B2499DDF400F8A9FF /* SceneDelegate.swift */ = {isa = PBXFileReference; lastKnownFileType = sourcecode.swift; path = SceneDelegate.swift; sourceTree = "<group>"; };
		5A697F1D2499DDF400F8A9FF /* ContentView.swift */ = {isa = PBXFileReference; lastKnownFileType = sourcecode.swift; path = ContentView.swift; sourceTree = "<group>"; };
		5A697F1F2499DDF900F8A9FF /* Assets.xcassets */ = {isa = PBXFileReference; lastKnownFileType = folder.assetcatalog; path = Assets.xcassets; sourceTree = "<group>"; };
		5A697F222499DDF900F8A9FF /* Preview Assets.xcassets */ = {isa = PBXFileReference; lastKnownFileType = folder.assetcatalog; path = "Preview Assets.xcassets"; sourceTree = "<group>"; };
		5A697F252499DDF900F8A9FF /* Base */ = {isa = PBXFileReference; lastKnownFileType = file.storyboard; name = Base; path = Base.lproj/LaunchScreen.storyboard; sourceTree = "<group>"; };
		5A697F272499DDF900F8A9FF /* Info.plist */ = {isa = PBXFileReference; lastKnownFileType = text.plist.xml; path = Info.plist; sourceTree = "<group>"; };
		5A697F2C2499DDFA00F8A9FF /* KanjiLookup-SwiftUITests.xctest */ = {isa = PBXFileReference; explicitFileType = wrapper.cfbundle; includeInIndex = 0; path = "KanjiLookup-SwiftUITests.xctest"; sourceTree = BUILT_PRODUCTS_DIR; };
		5A697F302499DDFA00F8A9FF /* KanjiLookup_SwiftUITests.swift */ = {isa = PBXFileReference; lastKnownFileType = sourcecode.swift; path = KanjiLookup_SwiftUITests.swift; sourceTree = "<group>"; };
		5A697F322499DDFA00F8A9FF /* Info.plist */ = {isa = PBXFileReference; lastKnownFileType = text.plist.xml; path = Info.plist; sourceTree = "<group>"; };
/* End PBXFileReference section */

/* Begin PBXFrameworksBuildPhase section */
		5A697F132499DDF400F8A9FF /* Frameworks */ = {
			isa = PBXFrameworksBuildPhase;
			buildActionMask = 2147483647;
			files = (
			);
			runOnlyForDeploymentPostprocessing = 0;
		};
		5A697F292499DDFA00F8A9FF /* Frameworks */ = {
			isa = PBXFrameworksBuildPhase;
			buildActionMask = 2147483647;
			files = (
			);
			runOnlyForDeploymentPostprocessing = 0;
		};
/* End PBXFrameworksBuildPhase section */

/* Begin PBXGroup section */
		5A697F0D2499DDF400F8A9FF = {
			isa = PBXGroup;
			children = (
				5A697F182499DDF400F8A9FF /* KanjiLookup-SwiftUI */,
				5A697F2F2499DDFA00F8A9FF /* KanjiLookup-SwiftUITests */,
				5A697F172499DDF400F8A9FF /* Products */,
			);
			sourceTree = "<group>";
		};
		5A697F172499DDF400F8A9FF /* Products */ = {
			isa = PBXGroup;
			children = (
				5A697F162499DDF400F8A9FF /* KanjiLookup-SwiftUI.app */,
				5A697F2C2499DDFA00F8A9FF /* KanjiLookup-SwiftUITests.xctest */,
			);
			name = Products;
			sourceTree = "<group>";
		};
		5A697F182499DDF400F8A9FF /* KanjiLookup-SwiftUI */ = {
			isa = PBXGroup;
			children = (
				5A697F192499DDF400F8A9FF /* AppDelegate.swift */,
				5A697F1B2499DDF400F8A9FF /* SceneDelegate.swift */,
				5A697F1D2499DDF400F8A9FF /* ContentView.swift */,
				5A697F1F2499DDF900F8A9FF /* Assets.xcassets */,
				5A697F242499DDF900F8A9FF /* LaunchScreen.storyboard */,
				5A697F272499DDF900F8A9FF /* Info.plist */,
				5A697F212499DDF900F8A9FF /* Preview Content */,
			);
			path = "KanjiLookup-SwiftUI";
			sourceTree = "<group>";
		};
		5A697F212499DDF900F8A9FF /* Preview Content */ = {
			isa = PBXGroup;
			children = (
				5A697F222499DDF900F8A9FF /* Preview Assets.xcassets */,
			);
			path = "Preview Content";
			sourceTree = "<group>";
		};
		5A697F2F2499DDFA00F8A9FF /* KanjiLookup-SwiftUITests */ = {
			isa = PBXGroup;
			children = (
				5A697F302499DDFA00F8A9FF /* KanjiLookup_SwiftUITests.swift */,
				5A697F322499DDFA00F8A9FF /* Info.plist */,
			);
			path = "KanjiLookup-SwiftUITests";
			sourceTree = "<group>";
		};
/* End PBXGroup section */

/* Begin PBXNativeTarget section */
		5A697F152499DDF400F8A9FF /* KanjiLookup-SwiftUI */ = {
			isa = PBXNativeTarget;
			buildConfigurationList = 5A697F352499DDFA00F8A9FF /* Build configuration list for PBXNativeTarget "KanjiLookup-SwiftUI" */;
			buildPhases = (
				5A697F122499DDF400F8A9FF /* Sources */,
				5A697F132499DDF400F8A9FF /* Frameworks */,
				5A697F142499DDF400F8A9FF /* Resources */,
			);
			buildRules = (
			);
			dependencies = (
			);
			name = "KanjiLookup-SwiftUI";
			productName = "KanjiLookup-SwiftUI";
			productReference = 5A697F162499DDF400F8A9FF /* KanjiLookup-SwiftUI.app */;
			productType = "com.apple.product-type.application";
		};
		5A697F2B2499DDFA00F8A9FF /* KanjiLookup-SwiftUITests */ = {
			isa = PBXNativeTarget;
			buildConfigurationList = 5A697F382499DDFA00F8A9FF /* Build configuration list for PBXNativeTarget "KanjiLookup-SwiftUITests" */;
			buildPhases = (
				5A697F282499DDFA00F8A9FF /* Sources */,
				5A697F292499DDFA00F8A9FF /* Frameworks */,
				5A697F2A2499DDFA00F8A9FF /* Resources */,
			);
			buildRules = (
			);
			dependencies = (
				5A697F2E2499DDFA00F8A9FF /* PBXTargetDependency */,
			);
			name = "KanjiLookup-SwiftUITests";
			productName = "KanjiLookup-SwiftUITests";
			productReference = 5A697F2C2499DDFA00F8A9FF /* KanjiLookup-SwiftUITests.xctest */;
			productType = "com.apple.product-type.bundle.unit-test";
		};
/* End PBXNativeTarget section */

/* Begin PBXProject section */
		5A697F0E2499DDF400F8A9FF /* Project object */ = {
			isa = PBXProject;
			attributes = {
				LastSwiftUpdateCheck = 1150;
				LastUpgradeCheck = 1150;
				ORGANIZATIONNAME = "telethon k.k.";
				TargetAttributes = {
					5A697F152499DDF400F8A9FF = {
						CreatedOnToolsVersion = 11.5;
					};
					5A697F2B2499DDFA00F8A9FF = {
						CreatedOnToolsVersion = 11.5;
						TestTargetID = 5A697F152499DDF400F8A9FF;
					};
				};
			};
			buildConfigurationList = 5A697F112499DDF400F8A9FF /* Build configuration list for PBXProject "KanjiLookup-SwiftUI" */;
			compatibilityVersion = "Xcode 9.3";
			developmentRegion = en;
			hasScannedForEncodings = 0;
			knownRegions = (
				en,
				Base,
			);
			mainGroup = 5A697F0D2499DDF400F8A9FF;
			productRefGroup = 5A697F172499DDF400F8A9FF /* Products */;
			projectDirPath = "";
			projectRoot = "";
			targets = (
				5A697F152499DDF400F8A9FF /* KanjiLookup-SwiftUI */,
				5A697F2B2499DDFA00F8A9FF /* KanjiLookup-SwiftUITests */,
			);
		};
/* End PBXProject section */

/* Begin PBXResourcesBuildPhase section */
		5A697F142499DDF400F8A9FF /* Resources */ = {
			isa = PBXResourcesBuildPhase;
			buildActionMask = 2147483647;
			files = (
				5A697F262499DDF900F8A9FF /* LaunchScreen.storyboard in Resources */,
				5A697F232499DDF900F8A9FF /* Preview Assets.xcassets in Resources */,
				5A697F202499DDF900F8A9FF /* Assets.xcassets in Resources */,
			);
			runOnlyForDeploymentPostprocessing = 0;
		};
		5A697F2A2499DDFA00F8A9FF /* Resources */ = {
			isa = PBXResourcesBuildPhase;
			buildActionMask = 2147483647;
			files = (
			);
			runOnlyForDeploymentPostprocessing = 0;
		};
/* End PBXResourcesBuildPhase section */

/* Begin PBXSourcesBuildPhase section */
		5A697F122499DDF400F8A9FF /* Sources */ = {
			isa = PBXSourcesBuildPhase;
			buildActionMask = 2147483647;
			files = (
				5A697F1A2499DDF400F8A9FF /* AppDelegate.swift in Sources */,
				5A697F1C2499DDF400F8A9FF /* SceneDelegate.swift in Sources */,
				5A697F1E2499DDF400F8A9FF /* ContentView.swift in Sources */,
			);
			runOnlyForDeploymentPostprocessing = 0;
		};
		5A697F282499DDFA00F8A9FF /* Sources */ = {
			isa = PBXSourcesBuildPhase;
			buildActionMask = 2147483647;
			files = (
				5A697F312499DDFA00F8A9FF /* KanjiLookup_SwiftUITests.swift in Sources */,
			);
			runOnlyForDeploymentPostprocessing = 0;
		};
/* End PBXSourcesBuildPhase section */

/* Begin PBXTargetDependency section */
		5A697F2E2499DDFA00F8A9FF /* PBXTargetDependency */ = {
			isa = PBXTargetDependency;
			target = 5A697F152499DDF400F8A9FF /* KanjiLookup-SwiftUI */;
			targetProxy = 5A697F2D2499DDFA00F8A9FF /* PBXContainerItemProxy */;
		};
/* End PBXTargetDependency section */

/* Begin PBXVariantGroup section */
		5A697F242499DDF900F8A9FF /* LaunchScreen.storyboard */ = {
			isa = PBXVariantGroup;
			children = (
				5A697F252499DDF900F8A9FF /* Base */,
			);
			name = LaunchScreen.storyboard;
			sourceTree = "<group>";
		};
/* End PBXVariantGroup section */

/* Begin XCBuildConfiguration section */
		5A697F332499DDFA00F8A9FF /* Debug */ = {
			isa = XCBuildConfiguration;
			buildSettings = {
				ALWAYS_SEARCH_USER_PATHS = NO;
				CLANG_ANALYZER_NONNULL = YES;
				CLANG_ANALYZER_NUMBER_OBJECT_CONVERSION = YES_AGGRESSIVE;
				CLANG_CXX_LANGUAGE_STANDARD = "gnu++14";
				CLANG_CXX_LIBRARY = "libc++";
				CLANG_ENABLE_MODULES = YES;
				CLANG_ENABLE_OBJC_ARC = YES;
				CLANG_ENABLE_OBJC_WEAK = YES;
				CLANG_WARN_BLOCK_CAPTURE_AUTORELEASING = YES;
				CLANG_WARN_BOOL_CONVERSION = YES;
				CLANG_WARN_COMMA = YES;
				CLANG_WARN_CONSTANT_CONVERSION = YES;
				CLANG_WARN_DEPRECATED_OBJC_IMPLEMENTATIONS = YES;
				CLANG_WARN_DIRECT_OBJC_ISA_USAGE = YES_ERROR;
				CLANG_WARN_DOCUMENTATION_COMMENTS = YES;
				CLANG_WARN_EMPTY_BODY = YES;
				CLANG_WARN_ENUM_CONVERSION = YES;
				CLANG_WARN_INFINITE_RECURSION = YES;
				CLANG_WARN_INT_CONVERSION = YES;
				CLANG_WARN_NON_LITERAL_NULL_CONVERSION = YES;
				CLANG_WARN_OBJC_IMPLICIT_RETAIN_SELF = YES;
				CLANG_WARN_OBJC_LITERAL_CONVERSION = YES;
				CLANG_WARN_OBJC_ROOT_CLASS = YES_ERROR;
				CLANG_WARN_RANGE_LOOP_ANALYSIS = YES;
				CLANG_WARN_STRICT_PROTOTYPES = YES;
				CLANG_WARN_SUSPICIOUS_MOVE = YES;
				CLANG_WARN_UNGUARDED_AVAILABILITY = YES_AGGRESSIVE;
				CLANG_WARN_UNREACHABLE_CODE = YES;
				CLANG_WARN__DUPLICATE_METHOD_MATCH = YES;
				COPY_PHASE_STRIP = NO;
				DEBUG_INFORMATION_FORMAT = dwarf;
				ENABLE_STRICT_OBJC_MSGSEND = YES;
				ENABLE_TESTABILITY = YES;
				GCC_C_LANGUAGE_STANDARD = gnu11;
				GCC_DYNAMIC_NO_PIC = NO;
				GCC_NO_COMMON_BLOCKS = YES;
				GCC_OPTIMIZATION_LEVEL = 0;
				GCC_PREPROCESSOR_DEFINITIONS = (
					"DEBUG=1",
					"$(inherited)",
				);
				GCC_WARN_64_TO_32_BIT_CONVERSION = YES;
				GCC_WARN_ABOUT_RETURN_TYPE = YES_ERROR;
				GCC_WARN_UNDECLARED_SELECTOR = YES;
				GCC_WARN_UNINITIALIZED_AUTOS = YES_AGGRESSIVE;
				GCC_WARN_UNUSED_FUNCTION = YES;
				GCC_WARN_UNUSED_VARIABLE = YES;
				IPHONEOS_DEPLOYMENT_TARGET = 13.5;
				MTL_ENABLE_DEBUG_INFO = INCLUDE_SOURCE;
				MTL_FAST_MATH = YES;
				ONLY_ACTIVE_ARCH = YES;
				SDKROOT = iphoneos;
				SWIFT_ACTIVE_COMPILATION_CONDITIONS = DEBUG;
				SWIFT_OPTIMIZATION_LEVEL = "-Onone";
			};
			name = Debug;
		};
		5A697F342499DDFA00F8A9FF /* Release */ = {
			isa = XCBuildConfiguration;
			buildSettings = {
				ALWAYS_SEARCH_USER_PATHS = NO;
				CLANG_ANALYZER_NONNULL = YES;
				CLANG_ANALYZER_NUMBER_OBJECT_CONVERSION = YES_AGGRESSIVE;
				CLANG_CXX_LANGUAGE_STANDARD = "gnu++14";
				CLANG_CXX_LIBRARY = "libc++";
				CLANG_ENABLE_MODULES = YES;
				CLANG_ENABLE_OBJC_ARC = YES;
				CLANG_ENABLE_OBJC_WEAK = YES;
				CLANG_WARN_BLOCK_CAPTURE_AUTORELEASING = YES;
				CLANG_WARN_BOOL_CONVERSION = YES;
				CLANG_WARN_COMMA = YES;
				CLANG_WARN_CONSTANT_CONVERSION = YES;
				CLANG_WARN_DEPRECATED_OBJC_IMPLEMENTATIONS = YES;
				CLANG_WARN_DIRECT_OBJC_ISA_USAGE = YES_ERROR;
				CLANG_WARN_DOCUMENTATION_COMMENTS = YES;
				CLANG_WARN_EMPTY_BODY = YES;
				CLANG_WARN_ENUM_CONVERSION = YES;
				CLANG_WARN_INFINITE_RECURSION = YES;
				CLANG_WARN_INT_CONVERSION = YES;
				CLANG_WARN_NON_LITERAL_NULL_CONVERSION = YES;
				CLANG_WARN_OBJC_IMPLICIT_RETAIN_SELF = YES;
				CLANG_WARN_OBJC_LITERAL_CONVERSION = YES;
				CLANG_WARN_OBJC_ROOT_CLASS = YES_ERROR;
				CLANG_WARN_RANGE_LOOP_ANALYSIS = YES;
				CLANG_WARN_STRICT_PROTOTYPES = YES;
				CLANG_WARN_SUSPICIOUS_MOVE = YES;
				CLANG_WARN_UNGUARDED_AVAILABILITY = YES_AGGRESSIVE;
				CLANG_WARN_UNREACHABLE_CODE = YES;
				CLANG_WARN__DUPLICATE_METHOD_MATCH = YES;
				COPY_PHASE_STRIP = NO;
				DEBUG_INFORMATION_FORMAT = "dwarf-with-dsym";
				ENABLE_NS_ASSERTIONS = NO;
				ENABLE_STRICT_OBJC_MSGSEND = YES;
				GCC_C_LANGUAGE_STANDARD = gnu11;
				GCC_NO_COMMON_BLOCKS = YES;
				GCC_WARN_64_TO_32_BIT_CONVERSION = YES;
				GCC_WARN_ABOUT_RETURN_TYPE = YES_ERROR;
				GCC_WARN_UNDECLARED_SELECTOR = YES;
				GCC_WARN_UNINITIALIZED_AUTOS = YES_AGGRESSIVE;
				GCC_WARN_UNUSED_FUNCTION = YES;
				GCC_WARN_UNUSED_VARIABLE = YES;
				IPHONEOS_DEPLOYMENT_TARGET = 13.5;
				MTL_ENABLE_DEBUG_INFO = NO;
				MTL_FAST_MATH = YES;
				SDKROOT = iphoneos;
				SWIFT_COMPILATION_MODE = wholemodule;
				SWIFT_OPTIMIZATION_LEVEL = "-O";
				VALIDATE_PRODUCT = YES;
			};
			name = Release;
		};
		5A697F362499DDFA00F8A9FF /* Debug */ = {
			isa = XCBuildConfiguration;
			buildSettings = {
				ASSETCATALOG_COMPILER_APPICON_NAME = AppIcon;
				CODE_SIGN_STYLE = Automatic;
				DEVELOPMENT_ASSET_PATHS = "\"KanjiLookup-SwiftUI/Preview Content\"";
				DEVELOPMENT_TEAM = DVQ96RL2KL;
				ENABLE_PREVIEWS = YES;
				INFOPLIST_FILE = "KanjiLookup-SwiftUI/Info.plist";
				LD_RUNPATH_SEARCH_PATHS = (
					"$(inherited)",
					"@executable_path/Frameworks",
				);
				PRODUCT_BUNDLE_IDENTIFIER = "com.telethon.KanjiLookup-SwiftUI";
				PRODUCT_NAME = "$(TARGET_NAME)";
				SWIFT_VERSION = 5.0;
				TARGETED_DEVICE_FAMILY = "1,2";
			};
			name = Debug;
		};
		5A697F372499DDFA00F8A9FF /* Release */ = {
			isa = XCBuildConfiguration;
			buildSettings = {
				ASSETCATALOG_COMPILER_APPICON_NAME = AppIcon;
				CODE_SIGN_STYLE = Automatic;
				DEVELOPMENT_ASSET_PATHS = "\"KanjiLookup-SwiftUI/Preview Content\"";
				DEVELOPMENT_TEAM = DVQ96RL2KL;
				ENABLE_PREVIEWS = YES;
				INFOPLIST_FILE = "KanjiLookup-SwiftUI/Info.plist";
				LD_RUNPATH_SEARCH_PATHS = (
					"$(inherited)",
					"@executable_path/Frameworks",
				);
				PRODUCT_BUNDLE_IDENTIFIER = "com.telethon.KanjiLookup-SwiftUI";
				PRODUCT_NAME = "$(TARGET_NAME)";
				SWIFT_VERSION = 5.0;
				TARGETED_DEVICE_FAMILY = "1,2";
			};
			name = Release;
		};
		5A697F392499DDFA00F8A9FF /* Debug */ = {
			isa = XCBuildConfiguration;
			buildSettings = {
				ALWAYS_EMBED_SWIFT_STANDARD_LIBRARIES = YES;
				BUNDLE_LOADER = "$(TEST_HOST)";
				CODE_SIGN_STYLE = Automatic;
				DEVELOPMENT_TEAM = DVQ96RL2KL;
				INFOPLIST_FILE = "KanjiLookup-SwiftUITests/Info.plist";
				IPHONEOS_DEPLOYMENT_TARGET = 13.5;
				LD_RUNPATH_SEARCH_PATHS = (
					"$(inherited)",
					"@executable_path/Frameworks",
					"@loader_path/Frameworks",
				);
				PRODUCT_BUNDLE_IDENTIFIER = "com.telethon.KanjiLookup-SwiftUITests";
				PRODUCT_NAME = "$(TARGET_NAME)";
				SWIFT_VERSION = 5.0;
				TARGETED_DEVICE_FAMILY = "1,2";
				TEST_HOST = "$(BUILT_PRODUCTS_DIR)/KanjiLookup-SwiftUI.app/KanjiLookup-SwiftUI";
			};
			name = Debug;
		};
		5A697F3A2499DDFA00F8A9FF /* Release */ = {
			isa = XCBuildConfiguration;
			buildSettings = {
				ALWAYS_EMBED_SWIFT_STANDARD_LIBRARIES = YES;
				BUNDLE_LOADER = "$(TEST_HOST)";
				CODE_SIGN_STYLE = Automatic;
				DEVELOPMENT_TEAM = DVQ96RL2KL;
				INFOPLIST_FILE = "KanjiLookup-SwiftUITests/Info.plist";
				IPHONEOS_DEPLOYMENT_TARGET = 13.5;
				LD_RUNPATH_SEARCH_PATHS = (
					"$(inherited)",
					"@executable_path/Frameworks",
					"@loader_path/Frameworks",
				);
				PRODUCT_BUNDLE_IDENTIFIER = "com.telethon.KanjiLookup-SwiftUITests";
				PRODUCT_NAME = "$(TARGET_NAME)";
				SWIFT_VERSION = 5.0;
				TARGETED_DEVICE_FAMILY = "1,2";
				TEST_HOST = "$(BUILT_PRODUCTS_DIR)/KanjiLookup-SwiftUI.app/KanjiLookup-SwiftUI";
			};
			name = Release;
		};
/* End XCBuildConfiguration section */

/* Begin XCConfigurationList section */
		5A697F112499DDF400F8A9FF /* Build configuration list for PBXProject "KanjiLookup-SwiftUI" */ = {
			isa = XCConfigurationList;
			buildConfigurations = (
				5A697F332499DDFA00F8A9FF /* Debug */,
				5A697F342499DDFA00F8A9FF /* Release */,
			);
			defaultConfigurationIsVisible = 0;
			defaultConfigurationName = Release;
		};
		5A697F352499DDFA00F8A9FF /* Build configuration list for PBXNativeTarget "KanjiLookup-SwiftUI" */ = {
			isa = XCConfigurationList;
			buildConfigurations = (
				5A697F362499DDFA00F8A9FF /* Debug */,
				5A697F372499DDFA00F8A9FF /* Release */,
			);
			defaultConfigurationIsVisible = 0;
			defaultConfigurationName = Release;
		};
		5A697F382499DDFA00F8A9FF /* Build configuration list for PBXNativeTarget "KanjiLookup-SwiftUITests" */ = {
			isa = XCConfigurationList;
			buildConfigurations = (
				5A697F392499DDFA00F8A9FF /* Debug */,
				5A697F3A2499DDFA00F8A9FF /* Release */,
			);
			defaultConfigurationIsVisible = 0;
			defaultConfigurationName = Release;
		};
/* End XCConfigurationList section */
	};
	rootObject = 5A697F0E2499DDF400F8A9FF /* Project object */;
}
